<?xml version="1.0" encoding="utf-8"?>
<Project ToolsVersion="17.0" xmlns="http://schemas.microsoft.com/developer/msbuild/2003">
  <ItemGroup>
    <ClCompile Include="C:\Users\Lavy\source\repos\‏‏Project-C-New-IlayKidron\assembler.c">
      <Filter>Source Files</Filter>
    </ClCompile>
    <ClCompile Include="C:\Users\Lavy\source\repos\‏‏Project-C-New-IlayKidron\first_pass.c">
      <Filter>Source Files</Filter>
    </ClCompile>
    <ClCompile Include="C:\Users\Lavy\source\repos\‏‏Project-C-New-IlayKidron\output_generator.c">
      <Filter>Source Files</Filter>
    </ClCompile>
    <ClCompile Include="C:\Users\Lavy\source\repos\‏‏Project-C-New-IlayKidron\second_pass.c">
      <Filter>Source Files</Filter>
    </ClCompile>
    <ClCompile Include="C:\Users\Lavy\source\repos\‏‏Project-C-New-IlayKidron\symbol_table.c">
      <Filter>Source Files</Filter>
    </ClCompile>
    <ClCompile Include="C:\Users\Lavy\source\repos\‏‏Project-C-New-IlayKidron\utilities.c">
      <Filter>Source Files</Filter>
    </ClCompile>
  </ItemGroup>
  <ItemGroup>
    <CustomBuild Include="C:\Users\Lavy\source\repos\‏‏Project-C-New-IlayKidron\CMakeLists.txt" />
  </ItemGroup>
  <ItemGroup>
    <Filter Include="Source Files">
      <UniqueIdentifier>{4964A719-FA02-3BD3-B28F-F596E1817FC7}</UniqueIdentifier>
    </Filter>
  </ItemGroup>
  <ItemGroup>
    <ClInclude Include="instruction.h" />
    <ClInclude Include="opcode_table.h" />
  </ItemGroup>
</Project>